
Microsoft Visual Studio Solution File, Format Version 12.00
# Visual Studio Version 17
VisualStudioVersion = 17.8.34322.80
MinimumVisualStudioVersion = 10.0.40219.1
Project("{FAE04EC0-301F-11D3-BF4B-00C04F79EFBC}") = "PL", "PL.csproj", "{6F6D7D54-B0D9-4CCA-9C3C-2EAE6268D46E}"
EndProject
Project("{FAE04EC0-301F-11D3-BF4B-00C04F79EFBC}") = "BLL", "..\BLL\BLL.csproj", "{C5A7BFB7-FE23-453A-84DE-B99BA91AC859}"
EndProject
Project("{FAE04EC0-301F-11D3-BF4B-00C04F79EFBC}") = "DAL", "..\DAL\DAL.csproj", "{94D820BF-59CC-4369-8BBE-56CBABE62F9A}"
EndProject
Global
	GlobalSection(SolutionConfigurationPlatforms) = preSolution
		Debug|Any CPU = Debug|Any CPU
		Release|Any CPU = Release|Any CPU
	EndGlobalSection
	GlobalSection(ProjectConfigurationPlatforms) = postSolution
		{6F6D7D54-B0D9-4CCA-9C3C-2EAE6268D46E}.Debug|Any CPU.ActiveCfg = Debug|Any CPU
		{6F6D7D54-B0D9-4CCA-9C3C-2EAE6268D46E}.Debug|Any CPU.Build.0 = Debug|Any CPU
		{6F6D7D54-B0D9-4CCA-9C3C-2EAE6268D46E}.Release|Any CPU.ActiveCfg = Release|Any CPU
		{6F6D7D54-B0D9-4CCA-9C3C-2EAE6268D46E}.Release|Any CPU.Build.0 = Release|Any CPU
		{C5A7BFB7-FE23-453A-84DE-B99BA91AC859}.Debug|Any CPU.ActiveCfg = Debug|Any CPU
		{C5A7BFB7-FE23-453A-84DE-B99BA91AC859}.Debug|Any CPU.Build.0 = Debug|Any CPU
		{C5A7BFB7-FE23-453A-84DE-B99BA91AC859}.Release|Any CPU.ActiveCfg = Release|Any CPU
		{C5A7BFB7-FE23-453A-84DE-B99BA91AC859}.Release|Any CPU.Build.0 = Release|Any CPU
		{94D820BF-59CC-4369-8BBE-56CBABE62F9A}.Debug|Any CPU.ActiveCfg = Debug|Any CPU
		{94D820BF-59CC-4369-8BBE-56CBABE62F9A}.Debug|Any CPU.Build.0 = Debug|Any CPU
		{94D820BF-59CC-4369-8BBE-56CBABE62F9A}.Release|Any CPU.ActiveCfg = Release|Any CPU
		{94D820BF-59CC-4369-8BBE-56CBABE62F9A}.Release|Any CPU.Build.0 = Release|Any CPU
	EndGlobalSection
	GlobalSection(SolutionProperties) = preSolution
		HideSolutionNode = FALSE
	EndGlobalSection
	GlobalSection(ExtensibilityGlobals) = postSolution
		SolutionGuid = {3F1297BA-1BA0-4033-9B38-F897362666EA}
	EndGlobalSection
EndGlobal
